
Microsoft Visual Studio Solution File, Format Version 12.00
# Visual Studio Version 17
VisualStudioVersion = 17.7.34202.233
MinimumVisualStudioVersion = 10.0.40219.1
Project("{FAE04EC0-301F-11D3-BF4B-00C04F79EFBC}") = "BirthdayManagerMockup", "BirthdayManagerMockup\BirthdayManagerMockup.csproj", "{1FF4F114-70AF-4708-8251-A2BE266E797C}"
EndProject
Global
	GlobalSection(SolutionConfigurationPlatforms) = preSolution
		Debug|Any CPU = Debug|Any CPU
		Release|Any CPU = Release|Any CPU
	EndGlobalSection
	GlobalSection(ProjectConfigurationPlatforms) = postSolution
		{1FF4F114-70AF-4708-8251-A2BE266E797C}.Debug|Any CPU.ActiveCfg = Debug|Any CPU
		{1FF4F114-70AF-4708-8251-A2BE266E797C}.Debug|Any CPU.Build.0 = Debug|Any CPU
		{1FF4F114-70AF-4708-8251-A2BE266E797C}.Release|Any CPU.ActiveCfg = Release|Any CPU
		{1FF4F114-70AF-4708-8251-A2BE266E797C}.Release|Any CPU.Build.0 = Release|Any CPU
	EndGlobalSection
	GlobalSection(SolutionProperties) = preSolution
		HideSolutionNode = FALSE
	EndGlobalSection
	GlobalSection(ExtensibilityGlobals) = postSolution
		SolutionGuid = {54B65F13-4AC5-4476-A429-8412283C77F6}
	EndGlobalSection
EndGlobal
